
Microsoft Visual Studio Solution File, Format Version 12.00
# Visual Studio Version 17
VisualStudioVersion = 17.9.34607.119
MinimumVisualStudioVersion = 10.0.40219.1
Project("{FAE04EC0-301F-11D3-BF4B-00C04F79EFBC}") = "TraininingSystem.PLL", "TraininingSystem.PLL\TraininingSystem.PLL.csproj", "{9DE926F7-DB23-4F1C-AC69-D53C700F37E8}"
EndProject
Project("{FAE04EC0-301F-11D3-BF4B-00C04F79EFBC}") = "TraininingSystem.BLL", "TraininingSystem.BLL\TraininingSystem.BLL.csproj", "{61456B07-0C7D-4A6A-BD27-239AC85777C1}"
EndProject
Project("{FAE04EC0-301F-11D3-BF4B-00C04F79EFBC}") = "TraininingSystem.DAL", "TraininingSystem.DAL\TraininingSystem.DAL.csproj", "{D7E40DE2-4C63-4332-8190-479F58E58B6E}"
EndProject
Global
	GlobalSection(SolutionConfigurationPlatforms) = preSolution
		Debug|Any CPU = Debug|Any CPU
		Release|Any CPU = Release|Any CPU
	EndGlobalSection
	GlobalSection(ProjectConfigurationPlatforms) = postSolution
		{9DE926F7-DB23-4F1C-AC69-D53C700F37E8}.Debug|Any CPU.ActiveCfg = Debug|Any CPU
		{9DE926F7-DB23-4F1C-AC69-D53C700F37E8}.Debug|Any CPU.Build.0 = Debug|Any CPU
		{9DE926F7-DB23-4F1C-AC69-D53C700F37E8}.Release|Any CPU.ActiveCfg = Release|Any CPU
		{9DE926F7-DB23-4F1C-AC69-D53C700F37E8}.Release|Any CPU.Build.0 = Release|Any CPU
		{61456B07-0C7D-4A6A-BD27-239AC85777C1}.Debug|Any CPU.ActiveCfg = Debug|Any CPU
		{61456B07-0C7D-4A6A-BD27-239AC85777C1}.Debug|Any CPU.Build.0 = Debug|Any CPU
		{61456B07-0C7D-4A6A-BD27-239AC85777C1}.Release|Any CPU.ActiveCfg = Release|Any CPU
		{61456B07-0C7D-4A6A-BD27-239AC85777C1}.Release|Any CPU.Build.0 = Release|Any CPU
		{D7E40DE2-4C63-4332-8190-479F58E58B6E}.Debug|Any CPU.ActiveCfg = Debug|Any CPU
		{D7E40DE2-4C63-4332-8190-479F58E58B6E}.Debug|Any CPU.Build.0 = Debug|Any CPU
		{D7E40DE2-4C63-4332-8190-479F58E58B6E}.Release|Any CPU.ActiveCfg = Release|Any CPU
		{D7E40DE2-4C63-4332-8190-479F58E58B6E}.Release|Any CPU.Build.0 = Release|Any CPU
	EndGlobalSection
	GlobalSection(SolutionProperties) = preSolution
		HideSolutionNode = FALSE
	EndGlobalSection
	GlobalSection(ExtensibilityGlobals) = postSolution
		SolutionGuid = {B2697241-6509-41D3-B2D7-2AD2EA3D5921}
	EndGlobalSection
EndGlobal
